
Microsoft Visual Studio Solution File, Format Version 12.00
# Visual Studio Version 16
VisualStudioVersion = 16.0.29306.81
MinimumVisualStudioVersion = 10.0.40219.1
Project("{FAE04EC0-301F-11D3-BF4B-00C04F79EFBC}") = "VRCDynamicBones", "VRCDynamicBones.csproj", "{29C52E59-4896-4FD1-B02C-AB93F4FCAC3A}"
EndProject
Global
	GlobalSection(SolutionConfigurationPlatforms) = preSolution
		Debug|Any CPU = Debug|Any CPU
		Release|Any CPU = Release|Any CPU
	EndGlobalSection
	GlobalSection(ProjectConfigurationPlatforms) = postSolution
		{29C52E59-4896-4FD1-B02C-AB93F4FCAC3A}.Debug|Any CPU.ActiveCfg = Debug|Any CPU
		{29C52E59-4896-4FD1-B02C-AB93F4FCAC3A}.Debug|Any CPU.Build.0 = Debug|Any CPU
		{29C52E59-4896-4FD1-B02C-AB93F4FCAC3A}.Release|Any CPU.ActiveCfg = Release|Any CPU
		{29C52E59-4896-4FD1-B02C-AB93F4FCAC3A}.Release|Any CPU.Build.0 = Release|Any CPU
	EndGlobalSection
	GlobalSection(SolutionProperties) = preSolution
		HideSolutionNode = FALSE
	EndGlobalSection
	GlobalSection(ExtensibilityGlobals) = postSolution
		SolutionGuid = {8C6E3FEE-27E0-4712-BFC3-083D002C5529}
	EndGlobalSection
EndGlobal
